// !$*UTF8*$!
{
	archiveVersion = 1;
	classes = {
	};
	objectVersion = 56;
	objects = {

/* Begin PBXBuildFile section */
		35A878FF2BA3973300C9B737 /* AppDelegate.swift in Sources */ = {isa = PBXBuildFile; fileRef = 35A878FE2BA3973300C9B737 /* AppDelegate.swift */; };
		35A879012BA3973300C9B737 /* SceneDelegate.swift in Sources */ = {isa = PBXBuildFile; fileRef = 35A879002BA3973300C9B737 /* SceneDelegate.swift */; };
		35A879032BA3973300C9B737 /* HomeViewController.swift in Sources */ = {isa = PBXBuildFile; fileRef = 35A879022BA3973300C9B737 /* HomeViewController.swift */; };
		35A879062BA3973300C9B737 /* Main.storyboard in Resources */ = {isa = PBXBuildFile; fileRef = 35A879042BA3973300C9B737 /* Main.storyboard */; };
		35A879082BA3973400C9B737 /* Assets.xcassets in Resources */ = {isa = PBXBuildFile; fileRef = 35A879072BA3973400C9B737 /* Assets.xcassets */; };
		35A8790B2BA3973400C9B737 /* LaunchScreen.storyboard in Resources */ = {isa = PBXBuildFile; fileRef = 35A879092BA3973400C9B737 /* LaunchScreen.storyboard */; };
		35A879142BA435C100C9B737 /* Game.swift in Sources */ = {isa = PBXBuildFile; fileRef = 35A879132BA435C100C9B737 /* Game.swift */; };
		35A879162BA4366200C9B737 /* Page.swift in Sources */ = {isa = PBXBuildFile; fileRef = 35A879152BA4366200C9B737 /* Page.swift */; };
		35A879182BA4372000C9B737 /* Venue.swift in Sources */ = {isa = PBXBuildFile; fileRef = 35A879172BA4372000C9B737 /* Venue.swift */; };
		35A8791A2BA4375100C9B737 /* Fixture.swift in Sources */ = {isa = PBXBuildFile; fileRef = 35A879192BA4375100C9B737 /* Fixture.swift */; };
		35A8791C2BA4378E00C9B737 /* League.swift in Sources */ = {isa = PBXBuildFile; fileRef = 35A8791B2BA4378E00C9B737 /* League.swift */; };
		35A8791E2BA437F900C9B737 /* Team.swift in Sources */ = {isa = PBXBuildFile; fileRef = 35A8791D2BA437F900C9B737 /* Team.swift */; };
		35A879202BA4382400C9B737 /* ScoreboardCard.swift in Sources */ = {isa = PBXBuildFile; fileRef = 35A8791F2BA4382400C9B737 /* ScoreboardCard.swift */; };
		35A879232BA438B800C9B737 /* ScoreboardService.swift in Sources */ = {isa = PBXBuildFile; fileRef = 35A879222BA438B800C9B737 /* ScoreboardService.swift */; };
		35A8792C2BA4393700C9B737 /* matchs.json in Resources */ = {isa = PBXBuildFile; fileRef = 35A8792B2BA4393700C9B737 /* matchs.json */; };
		35A8792F2BA43FF400C9B737 /* ScoreBoardViewModel.swift in Sources */ = {isa = PBXBuildFile; fileRef = 35A8792E2BA43FF400C9B737 /* ScoreBoardViewModel.swift */; };
		35A879322BA44FA300C9B737 /* ScoreCardTableViewCell.swift in Sources */ = {isa = PBXBuildFile; fileRef = 35A879312BA44FA300C9B737 /* ScoreCardTableViewCell.swift */; };
		35A879352BA45A3400C9B737 /* UIImageView+Load.swift in Sources */ = {isa = PBXBuildFile; fileRef = 35A879342BA45A3400C9B737 /* UIImageView+Load.swift */; };
/* End PBXBuildFile section */

/* Begin PBXFileReference section */
		35A878FB2BA3973300C9B737 /* RebeccaBiaz.app */ = {isa = PBXFileReference; explicitFileType = wrapper.application; includeInIndex = 0; path = RebeccaBiaz.app; sourceTree = BUILT_PRODUCTS_DIR; };
		35A878FE2BA3973300C9B737 /* AppDelegate.swift */ = {isa = PBXFileReference; lastKnownFileType = sourcecode.swift; path = AppDelegate.swift; sourceTree = "<group>"; };
		35A879002BA3973300C9B737 /* SceneDelegate.swift */ = {isa = PBXFileReference; lastKnownFileType = sourcecode.swift; path = SceneDelegate.swift; sourceTree = "<group>"; };
		35A879022BA3973300C9B737 /* HomeViewController.swift */ = {isa = PBXFileReference; lastKnownFileType = sourcecode.swift; path = HomeViewController.swift; sourceTree = "<group>"; };
		35A879052BA3973300C9B737 /* Base */ = {isa = PBXFileReference; lastKnownFileType = file.storyboard; name = Base; path = Base.lproj/Main.storyboard; sourceTree = "<group>"; };
		35A879072BA3973400C9B737 /* Assets.xcassets */ = {isa = PBXFileReference; lastKnownFileType = folder.assetcatalog; path = Assets.xcassets; sourceTree = "<group>"; };
		35A8790A2BA3973400C9B737 /* Base */ = {isa = PBXFileReference; lastKnownFileType = file.storyboard; name = Base; path = Base.lproj/LaunchScreen.storyboard; sourceTree = "<group>"; };
		35A8790C2BA3973400C9B737 /* Info.plist */ = {isa = PBXFileReference; lastKnownFileType = text.plist.xml; path = Info.plist; sourceTree = "<group>"; };
		35A879132BA435C100C9B737 /* Game.swift */ = {isa = PBXFileReference; lastKnownFileType = sourcecode.swift; path = Game.swift; sourceTree = "<group>"; };
		35A879152BA4366200C9B737 /* Page.swift */ = {isa = PBXFileReference; lastKnownFileType = sourcecode.swift; path = Page.swift; sourceTree = "<group>"; };
		35A879172BA4372000C9B737 /* Venue.swift */ = {isa = PBXFileReference; lastKnownFileType = sourcecode.swift; path = Venue.swift; sourceTree = "<group>"; };
		35A879192BA4375100C9B737 /* Fixture.swift */ = {isa = PBXFileReference; lastKnownFileType = sourcecode.swift; path = Fixture.swift; sourceTree = "<group>"; };
		35A8791B2BA4378E00C9B737 /* League.swift */ = {isa = PBXFileReference; lastKnownFileType = sourcecode.swift; path = League.swift; sourceTree = "<group>"; };
		35A8791D2BA437F900C9B737 /* Team.swift */ = {isa = PBXFileReference; lastKnownFileType = sourcecode.swift; path = Team.swift; sourceTree = "<group>"; };
		35A8791F2BA4382400C9B737 /* ScoreboardCard.swift */ = {isa = PBXFileReference; lastKnownFileType = sourcecode.swift; path = ScoreboardCard.swift; sourceTree = "<group>"; };
		35A879222BA438B800C9B737 /* ScoreboardService.swift */ = {isa = PBXFileReference; lastKnownFileType = sourcecode.swift; path = ScoreboardService.swift; sourceTree = "<group>"; };
		35A8792B2BA4393700C9B737 /* matchs.json */ = {isa = PBXFileReference; fileEncoding = 4; lastKnownFileType = text.json; path = matchs.json; sourceTree = "<group>"; };
		35A8792E2BA43FF400C9B737 /* ScoreBoardViewModel.swift */ = {isa = PBXFileReference; lastKnownFileType = sourcecode.swift; path = ScoreBoardViewModel.swift; sourceTree = "<group>"; };
		35A879312BA44FA300C9B737 /* ScoreCardTableViewCell.swift */ = {isa = PBXFileReference; lastKnownFileType = sourcecode.swift; path = ScoreCardTableViewCell.swift; sourceTree = "<group>"; };
		35A879342BA45A3400C9B737 /* UIImageView+Load.swift */ = {isa = PBXFileReference; lastKnownFileType = sourcecode.swift; path = "UIImageView+Load.swift"; sourceTree = "<group>"; };
/* End PBXFileReference section */

/* Begin PBXFrameworksBuildPhase section */
		35A878F82BA3973300C9B737 /* Frameworks */ = {
			isa = PBXFrameworksBuildPhase;
			buildActionMask = 2147483647;
			files = (
			);
			runOnlyForDeploymentPostprocessing = 0;
		};
/* End PBXFrameworksBuildPhase section */

/* Begin PBXGroup section */
		35A878F22BA3973300C9B737 = {
			isa = PBXGroup;
			children = (
				35A878FD2BA3973300C9B737 /* RebeccaBiaz */,
				35A878FC2BA3973300C9B737 /* Products */,
			);
			sourceTree = "<group>";
		};
		35A878FC2BA3973300C9B737 /* Products */ = {
			isa = PBXGroup;
			children = (
				35A878FB2BA3973300C9B737 /* RebeccaBiaz.app */,
			);
			name = Products;
			sourceTree = "<group>";
		};
		35A878FD2BA3973300C9B737 /* RebeccaBiaz */ = {
			isa = PBXGroup;
			children = (
				35A879332BA45A1B00C9B737 /* Extension */,
				35A879302BA44F7500C9B737 /* Cells */,
				35A8792D2BA43FE000C9B737 /* ViewModels */,
				35A879122BA39A3A00C9B737 /* Models */,
				35A879212BA438A000C9B737 /* Services */,
				35A8792A2BA4390A00C9B737 /* Assets */,
				35A878FE2BA3973300C9B737 /* AppDelegate.swift */,
				35A879002BA3973300C9B737 /* SceneDelegate.swift */,
				35A879022BA3973300C9B737 /* HomeViewController.swift */,
				35A879042BA3973300C9B737 /* Main.storyboard */,
				35A879092BA3973400C9B737 /* LaunchScreen.storyboard */,
				35A8790C2BA3973400C9B737 /* Info.plist */,
			);
			path = RebeccaBiaz;
			sourceTree = "<group>";
		};
		35A879122BA39A3A00C9B737 /* Models */ = {
			isa = PBXGroup;
			children = (
				35A879132BA435C100C9B737 /* Game.swift */,
				35A879152BA4366200C9B737 /* Page.swift */,
				35A879172BA4372000C9B737 /* Venue.swift */,
				35A879192BA4375100C9B737 /* Fixture.swift */,
				35A8791B2BA4378E00C9B737 /* League.swift */,
				35A8791D2BA437F900C9B737 /* Team.swift */,
				35A8791F2BA4382400C9B737 /* ScoreboardCard.swift */,
			);
			path = Models;
			sourceTree = "<group>";
		};
		35A879212BA438A000C9B737 /* Services */ = {
			isa = PBXGroup;
			children = (
				35A879222BA438B800C9B737 /* ScoreboardService.swift */,
			);
			path = Services;
			sourceTree = "<group>";
		};
		35A8792A2BA4390A00C9B737 /* Assets */ = {
			isa = PBXGroup;
			children = (
				35A8792B2BA4393700C9B737 /* matchs.json */,
				35A879072BA3973400C9B737 /* Assets.xcassets */,
			);
			path = Assets;
			sourceTree = "<group>";
		};
		35A8792D2BA43FE000C9B737 /* ViewModels */ = {
			isa = PBXGroup;
			children = (
				35A8792E2BA43FF400C9B737 /* ScoreBoardViewModel.swift */,
			);
			path = ViewModels;
			sourceTree = "<group>";
		};
		35A879302BA44F7500C9B737 /* Cells */ = {
			isa = PBXGroup;
			children = (
				35A879312BA44FA300C9B737 /* ScoreCardTableViewCell.swift */,
			);
			path = Cells;
			sourceTree = "<group>";
		};
		35A879332BA45A1B00C9B737 /* Extension */ = {
			isa = PBXGroup;
			children = (
				35A879342BA45A3400C9B737 /* UIImageView+Load.swift */,
			);
			path = Extension;
			sourceTree = "<group>";
		};
/* End PBXGroup section */

/* Begin PBXNativeTarget section */
		35A878FA2BA3973300C9B737 /* RebeccaBiaz */ = {
			isa = PBXNativeTarget;
			buildConfigurationList = 35A8790F2BA3973400C9B737 /* Build configuration list for PBXNativeTarget "RebeccaBiaz" */;
			buildPhases = (
				35A878F72BA3973300C9B737 /* Sources */,
				35A878F82BA3973300C9B737 /* Frameworks */,
				35A878F92BA3973300C9B737 /* Resources */,
			);
			buildRules = (
			);
			dependencies = (
			);
			name = RebeccaBiaz;
			productName = RebeccaBiaz;
			productReference = 35A878FB2BA3973300C9B737 /* RebeccaBiaz.app */;
			productType = "com.apple.product-type.application";
		};
/* End PBXNativeTarget section */

/* Begin PBXProject section */
		35A878F32BA3973300C9B737 /* Project object */ = {
			isa = PBXProject;
			attributes = {
				BuildIndependentTargetsInParallel = 1;
				LastSwiftUpdateCheck = 1510;
				LastUpgradeCheck = 1510;
				TargetAttributes = {
					35A878FA2BA3973300C9B737 = {
						CreatedOnToolsVersion = 15.1;
					};
				};
			};
			buildConfigurationList = 35A878F62BA3973300C9B737 /* Build configuration list for PBXProject "RebeccaBiaz" */;
			compatibilityVersion = "Xcode 14.0";
			developmentRegion = en;
			hasScannedForEncodings = 0;
			knownRegions = (
				en,
				Base,
			);
			mainGroup = 35A878F22BA3973300C9B737;
			productRefGroup = 35A878FC2BA3973300C9B737 /* Products */;
			projectDirPath = "";
			projectRoot = "";
			targets = (
				35A878FA2BA3973300C9B737 /* RebeccaBiaz */,
			);
		};
/* End PBXProject section */

/* Begin PBXResourcesBuildPhase section */
		35A878F92BA3973300C9B737 /* Resources */ = {
			isa = PBXResourcesBuildPhase;
			buildActionMask = 2147483647;
			files = (
				35A8790B2BA3973400C9B737 /* LaunchScreen.storyboard in Resources */,
				35A8792C2BA4393700C9B737 /* matchs.json in Resources */,
				35A879082BA3973400C9B737 /* Assets.xcassets in Resources */,
				35A879062BA3973300C9B737 /* Main.storyboard in Resources */,
			);
			runOnlyForDeploymentPostprocessing = 0;
		};
/* End PBXResourcesBuildPhase section */

/* Begin PBXSourcesBuildPhase section */
		35A878F72BA3973300C9B737 /* Sources */ = {
			isa = PBXSourcesBuildPhase;
			buildActionMask = 2147483647;
			files = (
				35A879352BA45A3400C9B737 /* UIImageView+Load.swift in Sources */,
				35A8791E2BA437F900C9B737 /* Team.swift in Sources */,
				35A879032BA3973300C9B737 /* HomeViewController.swift in Sources */,
				35A879322BA44FA300C9B737 /* ScoreCardTableViewCell.swift in Sources */,
				35A879182BA4372000C9B737 /* Venue.swift in Sources */,
				35A8791C2BA4378E00C9B737 /* League.swift in Sources */,
				35A8792F2BA43FF400C9B737 /* ScoreBoardViewModel.swift in Sources */,
				35A878FF2BA3973300C9B737 /* AppDelegate.swift in Sources */,
				35A879012BA3973300C9B737 /* SceneDelegate.swift in Sources */,
				35A8791A2BA4375100C9B737 /* Fixture.swift in Sources */,
				35A879232BA438B800C9B737 /* ScoreboardService.swift in Sources */,
				35A879142BA435C100C9B737 /* Game.swift in Sources */,
				35A879162BA4366200C9B737 /* Page.swift in Sources */,
				35A879202BA4382400C9B737 /* ScoreboardCard.swift in Sources */,
			);
			runOnlyForDeploymentPostprocessing = 0;
		};
/* End PBXSourcesBuildPhase section */

/* Begin PBXVariantGroup section */
		35A879042BA3973300C9B737 /* Main.storyboard */ = {
			isa = PBXVariantGroup;
			children = (
				35A879052BA3973300C9B737 /* Base */,
			);
			name = Main.storyboard;
			sourceTree = "<group>";
		};
		35A879092BA3973400C9B737 /* LaunchScreen.storyboard */ = {
			isa = PBXVariantGroup;
			children = (
				35A8790A2BA3973400C9B737 /* Base */,
			);
			name = LaunchScreen.storyboard;
			sourceTree = "<group>";
		};
/* End PBXVariantGroup section */

/* Begin XCBuildConfiguration section */
		35A8790D2BA3973400C9B737 /* Debug */ = {
			isa = XCBuildConfiguration;
			buildSettings = {
				ALWAYS_SEARCH_USER_PATHS = NO;
				ASSETCATALOG_COMPILER_GENERATE_SWIFT_ASSET_SYMBOL_EXTENSIONS = YES;
				CLANG_ANALYZER_NONNULL = YES;
				CLANG_ANALYZER_NUMBER_OBJECT_CONVERSION = YES_AGGRESSIVE;
				CLANG_CXX_LANGUAGE_STANDARD = "gnu++20";
				CLANG_ENABLE_MODULES = YES;
				CLANG_ENABLE_OBJC_ARC = YES;
				CLANG_ENABLE_OBJC_WEAK = YES;
				CLANG_WARN_BLOCK_CAPTURE_AUTORELEASING = YES;
				CLANG_WARN_BOOL_CONVERSION = YES;
				CLANG_WARN_COMMA = YES;
				CLANG_WARN_CONSTANT_CONVERSION = YES;
				CLANG_WARN_DEPRECATED_OBJC_IMPLEMENTATIONS = YES;
				CLANG_WARN_DIRECT_OBJC_ISA_USAGE = YES_ERROR;
				CLANG_WARN_DOCUMENTATION_COMMENTS = YES;
				CLANG_WARN_EMPTY_BODY = YES;
				CLANG_WARN_ENUM_CONVERSION = YES;
				CLANG_WARN_INFINITE_RECURSION = YES;
				CLANG_WARN_INT_CONVERSION = YES;
				CLANG_WARN_NON_LITERAL_NULL_CONVERSION = YES;
				CLANG_WARN_OBJC_IMPLICIT_RETAIN_SELF = YES;
				CLANG_WARN_OBJC_LITERAL_CONVERSION = YES;
				CLANG_WARN_OBJC_ROOT_CLASS = YES_ERROR;
				CLANG_WARN_QUOTED_INCLUDE_IN_FRAMEWORK_HEADER = YES;
				CLANG_WARN_RANGE_LOOP_ANALYSIS = YES;
				CLANG_WARN_STRICT_PROTOTYPES = YES;
				CLANG_WARN_SUSPICIOUS_MOVE = YES;
				CLANG_WARN_UNGUARDED_AVAILABILITY = YES_AGGRESSIVE;
				CLANG_WARN_UNREACHABLE_CODE = YES;
				CLANG_WARN__DUPLICATE_METHOD_MATCH = YES;
				COPY_PHASE_STRIP = NO;
				DEBUG_INFORMATION_FORMAT = dwarf;
				ENABLE_STRICT_OBJC_MSGSEND = YES;
				ENABLE_TESTABILITY = YES;
				ENABLE_USER_SCRIPT_SANDBOXING = YES;
				GCC_C_LANGUAGE_STANDARD = gnu17;
				GCC_DYNAMIC_NO_PIC = NO;
				GCC_NO_COMMON_BLOCKS = YES;
				GCC_OPTIMIZATION_LEVEL = 0;
				GCC_PREPROCESSOR_DEFINITIONS = (
					"DEBUG=1",
					"$(inherited)",
				);
				GCC_WARN_64_TO_32_BIT_CONVERSION = YES;
				GCC_WARN_ABOUT_RETURN_TYPE = YES_ERROR;
				GCC_WARN_UNDECLARED_SELECTOR = YES;
				GCC_WARN_UNINITIALIZED_AUTOS = YES_AGGRESSIVE;
				GCC_WARN_UNUSED_FUNCTION = YES;
				GCC_WARN_UNUSED_VARIABLE = YES;
				IPHONEOS_DEPLOYMENT_TARGET = 17.2;
				LOCALIZATION_PREFERS_STRING_CATALOGS = YES;
				MTL_ENABLE_DEBUG_INFO = INCLUDE_SOURCE;
				MTL_FAST_MATH = YES;
				ONLY_ACTIVE_ARCH = YES;
				SDKROOT = iphoneos;
				SWIFT_ACTIVE_COMPILATION_CONDITIONS = "DEBUG $(inherited)";
				SWIFT_OPTIMIZATION_LEVEL = "-Onone";
			};
			name = Debug;
		};
		35A8790E2BA3973400C9B737 /* Release */ = {
			isa = XCBuildConfiguration;
			buildSettings = {
				ALWAYS_SEARCH_USER_PATHS = NO;
				ASSETCATALOG_COMPILER_GENERATE_SWIFT_ASSET_SYMBOL_EXTENSIONS = YES;
				CLANG_ANALYZER_NONNULL = YES;
				CLANG_ANALYZER_NUMBER_OBJECT_CONVERSION = YES_AGGRESSIVE;
				CLANG_CXX_LANGUAGE_STANDARD = "gnu++20";
				CLANG_ENABLE_MODULES = YES;
				CLANG_ENABLE_OBJC_ARC = YES;
				CLANG_ENABLE_OBJC_WEAK = YES;
				CLANG_WARN_BLOCK_CAPTURE_AUTORELEASING = YES;
				CLANG_WARN_BOOL_CONVERSION = YES;
				CLANG_WARN_COMMA = YES;
				CLANG_WARN_CONSTANT_CONVERSION = YES;
				CLANG_WARN_DEPRECATED_OBJC_IMPLEMENTATIONS = YES;
				CLANG_WARN_DIRECT_OBJC_ISA_USAGE = YES_ERROR;
				CLANG_WARN_DOCUMENTATION_COMMENTS = YES;
				CLANG_WARN_EMPTY_BODY = YES;
				CLANG_WARN_ENUM_CONVERSION = YES;
				CLANG_WARN_INFINITE_RECURSION = YES;
				CLANG_WARN_INT_CONVERSION = YES;
				CLANG_WARN_NON_LITERAL_NULL_CONVERSION = YES;
				CLANG_WARN_OBJC_IMPLICIT_RETAIN_SELF = YES;
				CLANG_WARN_OBJC_LITERAL_CONVERSION = YES;
				CLANG_WARN_OBJC_ROOT_CLASS = YES_ERROR;
				CLANG_WARN_QUOTED_INCLUDE_IN_FRAMEWORK_HEADER = YES;
				CLANG_WARN_RANGE_LOOP_ANALYSIS = YES;
				CLANG_WARN_STRICT_PROTOTYPES = YES;
				CLANG_WARN_SUSPICIOUS_MOVE = YES;
				CLANG_WARN_UNGUARDED_AVAILABILITY = YES_AGGRESSIVE;
				CLANG_WARN_UNREACHABLE_CODE = YES;
				CLANG_WARN__DUPLICATE_METHOD_MATCH = YES;
				COPY_PHASE_STRIP = NO;
				DEBUG_INFORMATION_FORMAT = "dwarf-with-dsym";
				ENABLE_NS_ASSERTIONS = NO;
				ENABLE_STRICT_OBJC_MSGSEND = YES;
				ENABLE_USER_SCRIPT_SANDBOXING = YES;
				GCC_C_LANGUAGE_STANDARD = gnu17;
				GCC_NO_COMMON_BLOCKS = YES;
				GCC_WARN_64_TO_32_BIT_CONVERSION = YES;
				GCC_WARN_ABOUT_RETURN_TYPE = YES_ERROR;
				GCC_WARN_UNDECLARED_SELECTOR = YES;
				GCC_WARN_UNINITIALIZED_AUTOS = YES_AGGRESSIVE;
				GCC_WARN_UNUSED_FUNCTION = YES;
				GCC_WARN_UNUSED_VARIABLE = YES;
				IPHONEOS_DEPLOYMENT_TARGET = 17.2;
				LOCALIZATION_PREFERS_STRING_CATALOGS = YES;
				MTL_ENABLE_DEBUG_INFO = NO;
				MTL_FAST_MATH = YES;
				SDKROOT = iphoneos;
				SWIFT_COMPILATION_MODE = wholemodule;
				VALIDATE_PRODUCT = YES;
			};
			name = Release;
		};
		35A879102BA3973400C9B737 /* Debug */ = {
			isa = XCBuildConfiguration;
			buildSettings = {
				ASSETCATALOG_COMPILER_APPICON_NAME = AppIcon;
				ASSETCATALOG_COMPILER_GLOBAL_ACCENT_COLOR_NAME = AccentColor;
				CODE_SIGN_STYLE = Automatic;
				CURRENT_PROJECT_VERSION = 1;
				DEVELOPMENT_TEAM = K2KS44N75K;
				GENERATE_INFOPLIST_FILE = YES;
				INFOPLIST_FILE = RebeccaBiaz/Info.plist;
				INFOPLIST_KEY_UIApplicationSupportsIndirectInputEvents = YES;
				INFOPLIST_KEY_UILaunchStoryboardName = LaunchScreen;
				INFOPLIST_KEY_UIMainStoryboardFile = Main;
				INFOPLIST_KEY_UISupportedInterfaceOrientations_iPad = "UIInterfaceOrientationPortrait UIInterfaceOrientationPortraitUpsideDown UIInterfaceOrientationLandscapeLeft UIInterfaceOrientationLandscapeRight";
				INFOPLIST_KEY_UISupportedInterfaceOrientations_iPhone = "UIInterfaceOrientationPortrait UIInterfaceOrientationLandscapeLeft UIInterfaceOrientationLandscapeRight";
				LD_RUNPATH_SEARCH_PATHS = (
					"$(inherited)",
					"@executable_path/Frameworks",
				);
				MARKETING_VERSION = 1.0;
				PRODUCT_BUNDLE_IDENTIFIER = RebeccaBiaz.RebeccaBiaz;
				PRODUCT_NAME = "$(TARGET_NAME)";
				SWIFT_EMIT_LOC_STRINGS = YES;
				SWIFT_VERSION = 5.0;
				TARGETED_DEVICE_FAMILY = "1,2";
			};
			name = Debug;
		};
		35A879112BA3973400C9B737 /* Release */ = {
			isa = XCBuildConfiguration;
			buildSettings = {
				ASSETCATALOG_COMPILER_APPICON_NAME = AppIcon;
				ASSETCATALOG_COMPILER_GLOBAL_ACCENT_COLOR_NAME = AccentColor;
				CODE_SIGN_STYLE = Automatic;
				CURRENT_PROJECT_VERSION = 1;
				DEVELOPMENT_TEAM = K2KS44N75K;
				GENERATE_INFOPLIST_FILE = YES;
				INFOPLIST_FILE = RebeccaBiaz/Info.plist;
				INFOPLIST_KEY_UIApplicationSupportsIndirectInputEvents = YES;
				INFOPLIST_KEY_UILaunchStoryboardName = LaunchScreen;
				INFOPLIST_KEY_UIMainStoryboardFile = Main;
				INFOPLIST_KEY_UISupportedInterfaceOrientations_iPad = "UIInterfaceOrientationPortrait UIInterfaceOrientationPortraitUpsideDown UIInterfaceOrientationLandscapeLeft UIInterfaceOrientationLandscapeRight";
				INFOPLIST_KEY_UISupportedInterfaceOrientations_iPhone = "UIInterfaceOrientationPortrait UIInterfaceOrientationLandscapeLeft UIInterfaceOrientationLandscapeRight";
				LD_RUNPATH_SEARCH_PATHS = (
					"$(inherited)",
					"@executable_path/Frameworks",
				);
				MARKETING_VERSION = 1.0;
				PRODUCT_BUNDLE_IDENTIFIER = RebeccaBiaz.RebeccaBiaz;
				PRODUCT_NAME = "$(TARGET_NAME)";
				SWIFT_EMIT_LOC_STRINGS = YES;
				SWIFT_VERSION = 5.0;
				TARGETED_DEVICE_FAMILY = "1,2";
			};
			name = Release;
		};
/* End XCBuildConfiguration section */

/* Begin XCConfigurationList section */
		35A878F62BA3973300C9B737 /* Build configuration list for PBXProject "RebeccaBiaz" */ = {
			isa = XCConfigurationList;
			buildConfigurations = (
				35A8790D2BA3973400C9B737 /* Debug */,
				35A8790E2BA3973400C9B737 /* Release */,
			);
			defaultConfigurationIsVisible = 0;
			defaultConfigurationName = Release;
		};
		35A8790F2BA3973400C9B737 /* Build configuration list for PBXNativeTarget "RebeccaBiaz" */ = {
			isa = XCConfigurationList;
			buildConfigurations = (
				35A879102BA3973400C9B737 /* Debug */,
				35A879112BA3973400C9B737 /* Release */,
			);
			defaultConfigurationIsVisible = 0;
			defaultConfigurationName = Release;
		};
/* End XCConfigurationList section */
	};
	rootObject = 35A878F32BA3973300C9B737 /* Project object */;
}
